<Solution>
  <Folder Name="/misc/">
    <File Path="GlobalSuppressions.cs" />
    <File Path="MethodTimeLogger.cs" />
    <File Path="SolutionAssemblyInfo.cs" />
  </Folder>
  <Folder Name="/src/">
    <Project Path="Catel.SourceGenerators.Tests/Catel.SourceGenerators.Tests.csproj" />
    <Project Path="Catel.SourceGenerators/Catel.SourceGenerators.csproj" />
  </Folder>
</Solution>
